<?xml version="1.0" encoding="utf-8"?>
<Project ToolsVersion="4.0" xmlns="http://schemas.microsoft.com/developer/msbuild/2003">
  <ItemGroup>
    <ClCompile Include="precomp.cpp" />
    <ClCompile Include="program.cpp" />
    <ClCompile Include="Model\app_model.cpp">
      <Filter>Model</Filter>
    </ClCompile>
    <ClCompile Include="Model\settings.cpp">
      <Filter>Model</Filter>
    </ClCompile>
    <ClCompile Include="Model\DCCChat\dcc_chat_connection.cpp">
      <Filter>Model\DCCChat</Filter>
    </ClCompile>
    <ClCompile Include="Model\DCCFileTransfer\dcc_file_transfer_connection.cpp">
      <Filter>Model\DCCFileTransfer</Filter>
    </ClCompile>
    <ClCompile Include="Model\IdentServer\ident_server.cpp">
      <Filter>Model\IdentServer</Filter>
    </ClCompile>
    <ClCompile Include="Model\IdentServer\ident_server_connection.cpp">
      <Filter>Model\IdentServer</Filter>
    </ClCompile>
    <ClCompile Include="Model\IRCSession\command.cpp">
      <Filter>Model\IRCSession</Filter>
    </ClCompile>
    <ClCompile Include="Model\IRCSession\irc_connection.cpp">
      <Filter>Model\IRCSession</Filter>
    </ClCompile>
    <ClCompile Include="Model\IRCSession\irc_connection_queues.cpp">
      <Filter>Model\IRCSession</Filter>
    </ClCompile>
    <ClCompile Include="Model\IRCSession\irc_entity.cpp">
      <Filter>Model\IRCSession</Filter>
    </ClCompile>
    <ClCompile Include="Model\IRCSession\irc_message.cpp">
      <Filter>Model\IRCSession</Filter>
    </ClCompile>
    <ClCompile Include="Model\IRCSession\irc_session.cpp">
      <Filter>Model\IRCSession</Filter>
    </ClCompile>
    <ClCompile Include="Model\IRCSession\irc_text.cpp">
      <Filter>Model\IRCSession</Filter>
    </ClCompile>
    <ClCompile Include="Model\XMLSettings\xml_settings.cpp">
      <Filter>Model\XMLSettings</Filter>
    </ClCompile>
    <ClCompile Include="Model\XMLSettings\xml_settings_document.cpp">
      <Filter>Model\XMLSettings</Filter>
    </ClCompile>
    <ClCompile Include="Model\XMLSettings\xml_settings_list.cpp">
      <Filter>Model\XMLSettings</Filter>
    </ClCompile>
    <ClCompile Include="Model\XMLSettings\xml_settings_map.cpp">
      <Filter>Model\XMLSettings</Filter>
    </ClCompile>
    <ClCompile Include="Controller\ChatWindow\chat_window_controller.cpp">
      <Filter>Controller\ChatWindow</Filter>
    </ClCompile>
    <ClCompile Include="View\Chat\chat_view.cpp">
      <Filter>View\Chat</Filter>
    </ClCompile>
    <ClCompile Include="View\UserList\user_list_view.cpp">
      <Filter>View\UserList</Filter>
    </ClCompile>
    <ClCompile Include="View\Chat\chat_line.cpp">
      <Filter>View\Chat</Filter>
    </ClCompile>
    <ClCompile Include="View\Connections\network_list_item_view.cpp">
      <Filter>View\Connections</Filter>
    </ClCompile>
    <ClCompile Include="View\Connections\network_list_view.cpp">
      <Filter>View\Connections</Filter>
    </ClCompile>
    <ClCompile Include="View\Workspace\workspace_view.cpp">
      <Filter>View\Workspace</Filter>
    </ClCompile>
    <ClCompile Include="View\Workspace\workspace_tab_view.cpp">
      <Filter>View\Workspace</Filter>
    </ClCompile>
    <ClCompile Include="Controller\EditConnection\edit_connection_controller.cpp">
      <Filter>Controller\EditConnection</Filter>
    </ClCompile>
    <ClCompile Include="Controller\Connections\connections_controller.cpp">
      <Filter>Controller\Connections</Filter>
    </ClCompile>
    <ClCompile Include="Controller\Workspace\workspace_page_controller.cpp">
      <Filter>Controller\Workspace</Filter>
    </ClCompile>
    <ClCompile Include="Controller\Workspace\workspace_controller.cpp">
      <Filter>Controller\Workspace</Filter>
    </ClCompile>
    <ClCompile Include="Controller\Chat\chat_controller.cpp">
      <Filter>Controller\Chat</Filter>
    </ClCompile>
    <ClCompile Include="Controller\Workspace\taskbar_notification.cpp">
      <Filter>Controller\Workspace</Filter>
    </ClCompile>
  </ItemGroup>
  <ItemGroup>
    <ClInclude Include="precomp.h" />
    <ClInclude Include="resource.h" />
    <ClInclude Include="program.h" />
    <ClInclude Include="Model\app_model.h">
      <Filter>Model</Filter>
    </ClInclude>
    <ClInclude Include="Model\settings.h">
      <Filter>Model</Filter>
    </ClInclude>
    <ClInclude Include="Model\DCCChat\dcc_chat_connection.h">
      <Filter>Model\DCCChat</Filter>
    </ClInclude>
    <ClInclude Include="Model\DCCFileTransfer\dcc_file_transfer_connection.h">
      <Filter>Model\DCCFileTransfer</Filter>
    </ClInclude>
    <ClInclude Include="Model\IdentServer\ident_server.h">
      <Filter>Model\IdentServer</Filter>
    </ClInclude>
    <ClInclude Include="Model\IdentServer\ident_server_connection.h">
      <Filter>Model\IdentServer</Filter>
    </ClInclude>
    <ClInclude Include="Model\IRCSession\command.h">
      <Filter>Model\IRCSession</Filter>
    </ClInclude>
    <ClInclude Include="Model\IRCSession\irc_connection.h">
      <Filter>Model\IRCSession</Filter>
    </ClInclude>
    <ClInclude Include="Model\IRCSession\irc_connection_queues.h">
      <Filter>Model\IRCSession</Filter>
    </ClInclude>
    <ClInclude Include="Model\IRCSession\irc_entity.h">
      <Filter>Model\IRCSession</Filter>
    </ClInclude>
    <ClInclude Include="Model\IRCSession\irc_message.h">
      <Filter>Model\IRCSession</Filter>
    </ClInclude>
    <ClInclude Include="Model\IRCSession\irc_numerics.h">
      <Filter>Model\IRCSession</Filter>
    </ClInclude>
    <ClInclude Include="Model\IRCSession\irc_raw_string.h">
      <Filter>Model\IRCSession</Filter>
    </ClInclude>
    <ClInclude Include="Model\IRCSession\irc_session.h">
      <Filter>Model\IRCSession</Filter>
    </ClInclude>
    <ClInclude Include="Model\IRCSession\irc_text.h">
      <Filter>Model\IRCSession</Filter>
    </ClInclude>
    <ClInclude Include="Model\XMLSettings\xml_settings.h">
      <Filter>Model\XMLSettings</Filter>
    </ClInclude>
    <ClInclude Include="Model\XMLSettings\xml_settings_document.h">
      <Filter>Model\XMLSettings</Filter>
    </ClInclude>
    <ClInclude Include="Model\XMLSettings\xml_settings_list.h">
      <Filter>Model\XMLSettings</Filter>
    </ClInclude>
    <ClInclude Include="Model\XMLSettings\xml_settings_map.h">
      <Filter>Model\XMLSettings</Filter>
    </ClInclude>
    <ClInclude Include="Controller\ChatWindow\chat_window_controller.h">
      <Filter>Controller\ChatWindow</Filter>
    </ClInclude>
    <ClInclude Include="View\Chat\chat_line.h">
      <Filter>View\Chat</Filter>
    </ClInclude>
    <ClInclude Include="View\Chat\chat_view.h">
      <Filter>View\Chat</Filter>
    </ClInclude>
    <ClInclude Include="Controller\Chat\chat_url.h">
      <Filter>Controller\Chat</Filter>
    </ClInclude>
    <ClInclude Include="View\UserList\user_list_view.h">
      <Filter>View\UserList</Filter>
    </ClInclude>
    <ClInclude Include="View\Connections\network_list_item_view.h">
      <Filter>View\Connections</Filter>
    </ClInclude>
    <ClInclude Include="View\Connections\network_list_view.h">
      <Filter>View\Connections</Filter>
    </ClInclude>
    <ClInclude Include="View\Workspace\workspace_view.h">
      <Filter>View\Workspace</Filter>
    </ClInclude>
    <ClInclude Include="View\Workspace\workspace_tab_view.h">
      <Filter>View\Workspace</Filter>
    </ClInclude>
    <ClInclude Include="Controller\EditConnection\edit_connection_controller.h">
      <Filter>Controller\EditConnection</Filter>
    </ClInclude>
    <ClInclude Include="View\EditConnection\edit_connection_view.h">
      <Filter>View\EditConnection</Filter>
    </ClInclude>
    <ClInclude Include="Controller\Connections\connections_controller.h">
      <Filter>Controller\Connections</Filter>
    </ClInclude>
    <ClInclude Include="Controller\Workspace\workspace_page_controller.h">
      <Filter>Controller\Workspace</Filter>
    </ClInclude>
    <ClInclude Include="Controller\Workspace\workspace_controller.h">
      <Filter>Controller\Workspace</Filter>
    </ClInclude>
    <ClInclude Include="Controller\Chat\chat_controller.h">
      <Filter>Controller\Chat</Filter>
    </ClInclude>
    <ClInclude Include="Controller\Workspace\taskbar_notification.h">
      <Filter>Controller\Workspace</Filter>
    </ClInclude>
  </ItemGroup>
  <ItemGroup>
    <ResourceCompile Include="resource.rc" />
  </ItemGroup>
  <ItemGroup>
    <Filter Include="Model">
      <UniqueIdentifier>{83b8e6f5-4974-4b33-a2a2-7e5f152ac378}</UniqueIdentifier>
    </Filter>
    <Filter Include="Model\DCCChat">
      <UniqueIdentifier>{10aa9a25-1fe1-417d-93a5-b287a6692bbd}</UniqueIdentifier>
    </Filter>
    <Filter Include="Model\DCCFileTransfer">
      <UniqueIdentifier>{d4623c11-4ce5-42fe-8fe6-42d1da140ac7}</UniqueIdentifier>
    </Filter>
    <Filter Include="Model\IdentServer">
      <UniqueIdentifier>{5def21bf-2946-43e2-a246-5d4b4deca80a}</UniqueIdentifier>
    </Filter>
    <Filter Include="Model\IRCSession">
      <UniqueIdentifier>{14fe6c01-e3d4-458e-97e0-74a0db71bb77}</UniqueIdentifier>
    </Filter>
    <Filter Include="View">
      <UniqueIdentifier>{d350efb0-850d-44a8-b804-d0dbe8f808ce}</UniqueIdentifier>
    </Filter>
    <Filter Include="Model\XMLSettings">
      <UniqueIdentifier>{9a8c6816-6ae8-4a6d-864f-23933d724e81}</UniqueIdentifier>
    </Filter>
    <Filter Include="Controller">
      <UniqueIdentifier>{d139cd95-95c7-4fd7-8d8e-48179a0fd6f2}</UniqueIdentifier>
    </Filter>
    <Filter Include="Controller\ChatWindow">
      <UniqueIdentifier>{c35a840b-292b-43d8-8587-b6efe63ae231}</UniqueIdentifier>
    </Filter>
    <Filter Include="View\Chat">
      <UniqueIdentifier>{1f2f6871-373e-4206-8a39-290b09ef0591}</UniqueIdentifier>
    </Filter>
    <Filter Include="Controller\Chat">
      <UniqueIdentifier>{9e3cd0b7-e359-4094-bf45-ad39da5ea38f}</UniqueIdentifier>
    </Filter>
    <Filter Include="Controller\Workspace">
      <UniqueIdentifier>{40667ac5-9bd7-47e8-be95-f42948681f3b}</UniqueIdentifier>
    </Filter>
    <Filter Include="View\UserList">
      <UniqueIdentifier>{7cf4915a-4466-4559-b55b-421508168569}</UniqueIdentifier>
    </Filter>
    <Filter Include="Controller\Connections">
      <UniqueIdentifier>{66704273-fc72-419c-964a-9448a3f4b2d3}</UniqueIdentifier>
    </Filter>
    <Filter Include="View\Connections">
      <UniqueIdentifier>{8a055fca-9a03-4d44-95d0-fc8569604b1f}</UniqueIdentifier>
    </Filter>
    <Filter Include="View\Workspace">
      <UniqueIdentifier>{07de6001-a96c-44e9-8b28-5e6c68815ef1}</UniqueIdentifier>
    </Filter>
    <Filter Include="Controller\EditConnection">
      <UniqueIdentifier>{3dcd28b0-1c6c-454a-b9c6-c405c2517a6b}</UniqueIdentifier>
    </Filter>
    <Filter Include="View\EditConnection">
      <UniqueIdentifier>{8523c622-b0b3-45a9-b448-256de9711b13}</UniqueIdentifier>
    </Filter>
  </ItemGroup>
</Project>